
Microsoft Visual Studio Solution File, Format Version 12.00
# Visual Studio Version 17
VisualStudioVersion = 17.5.33627.172
MinimumVisualStudioVersion = 10.0.40219.1
Project("{FAE04EC0-301F-11D3-BF4B-00C04F79EFBC}") = "WinFormsApp1", "WinFormsApp1\WinFormsApp1.csproj", "{6E2997CF-C5B0-404E-B5E5-18FA3CA28949}"
EndProject
Global
	GlobalSection(SolutionConfigurationPlatforms) = preSolution
		Debug|Any CPU = Debug|Any CPU
		Release|Any CPU = Release|Any CPU
	EndGlobalSection
	GlobalSection(ProjectConfigurationPlatforms) = postSolution
		{6E2997CF-C5B0-404E-B5E5-18FA3CA28949}.Debug|Any CPU.ActiveCfg = Debug|Any CPU
		{6E2997CF-C5B0-404E-B5E5-18FA3CA28949}.Debug|Any CPU.Build.0 = Debug|Any CPU
		{6E2997CF-C5B0-404E-B5E5-18FA3CA28949}.Release|Any CPU.ActiveCfg = Release|Any CPU
		{6E2997CF-C5B0-404E-B5E5-18FA3CA28949}.Release|Any CPU.Build.0 = Release|Any CPU
	EndGlobalSection
	GlobalSection(SolutionProperties) = preSolution
		HideSolutionNode = FALSE
	EndGlobalSection
	GlobalSection(ExtensibilityGlobals) = postSolution
		SolutionGuid = {0384A053-09F2-49C0-92C9-5893134DE557}
	EndGlobalSection
EndGlobal
