
Microsoft Visual Studio Solution File, Format Version 12.00
# Visual Studio Version 17
VisualStudioVersion = 17.4.33403.182
MinimumVisualStudioVersion = 10.0.40219.1
Project("{FAE04EC0-301F-11D3-BF4B-00C04F79EFBC}") = "JustTrying", "JustTrying\JustTrying.csproj", "{1CC35F62-162C-486C-BE95-BC2B3FC8BD77}"
EndProject
Global
	GlobalSection(SolutionConfigurationPlatforms) = preSolution
		Debug|Any CPU = Debug|Any CPU
		Release|Any CPU = Release|Any CPU
	EndGlobalSection
	GlobalSection(ProjectConfigurationPlatforms) = postSolution
		{1CC35F62-162C-486C-BE95-BC2B3FC8BD77}.Debug|Any CPU.ActiveCfg = Debug|Any CPU
		{1CC35F62-162C-486C-BE95-BC2B3FC8BD77}.Debug|Any CPU.Build.0 = Debug|Any CPU
		{1CC35F62-162C-486C-BE95-BC2B3FC8BD77}.Release|Any CPU.ActiveCfg = Release|Any CPU
		{1CC35F62-162C-486C-BE95-BC2B3FC8BD77}.Release|Any CPU.Build.0 = Release|Any CPU
	EndGlobalSection
	GlobalSection(SolutionProperties) = preSolution
		HideSolutionNode = FALSE
	EndGlobalSection
	GlobalSection(ExtensibilityGlobals) = postSolution
		SolutionGuid = {31A7A592-86EC-45F4-A02E-40AB90F107A7}
	EndGlobalSection
EndGlobal
